
Microsoft Visual Studio Solution File, Format Version 12.00
# Visual Studio Version 17
VisualStudioVersion = 17.2.32630.192
MinimumVisualStudioVersion = 10.0.40219.1
Project("{9A19103F-16F7-4668-BE54-9A1E7A4F7556}") = "BlazorTickets.App", "BlazorTickets.App\BlazorTickets.App.csproj", "{E8312EE1-3C2F-45A5-909D-111C8051ADCF}"
	ProjectSection(ProjectDependencies) = postProject
		{7E75B5EC-B37F-42C2-B5F9-09FC77CAAF74} = {7E75B5EC-B37F-42C2-B5F9-09FC77CAAF74}
	EndProjectSection
EndProject
Project("{9A19103F-16F7-4668-BE54-9A1E7A4F7556}") = "BlazorTickets.WebApi", "BlazorTickets.WebApi\BlazorTickets.WebApi.csproj", "{7E75B5EC-B37F-42C2-B5F9-09FC77CAAF74}"
	ProjectSection(ProjectDependencies) = postProject
		{855FD18C-522A-4B58-92F7-35CDF42EC8BD} = {855FD18C-522A-4B58-92F7-35CDF42EC8BD}
	EndProjectSection
EndProject
Project("{9A19103F-16F7-4668-BE54-9A1E7A4F7556}") = "BlazorTickets.Data", "BlazorTickets.Data\BlazorTickets.Data.csproj", "{855FD18C-522A-4B58-92F7-35CDF42EC8BD}"
EndProject
Project("{9A19103F-16F7-4668-BE54-9A1E7A4F7556}") = "BlazorTickets.DataObjects", "BlazorTickets.DataObjects\BlazorTickets.DataObjects.csproj", "{74A3A0FC-1600-48EC-A411-6484F2240E6E}"
EndProject
Project("{9A19103F-16F7-4668-BE54-9A1E7A4F7556}") = "BlazorTickets.Domain", "BlazorTickets.Domain\BlazorTickets.Domain.csproj", "{D48F89B6-D5C0-474B-8325-1032CEC9C0F0}"
EndProject
Global
	GlobalSection(SolutionConfigurationPlatforms) = preSolution
		Debug|Any CPU = Debug|Any CPU
		Release|Any CPU = Release|Any CPU
	EndGlobalSection
	GlobalSection(ProjectConfigurationPlatforms) = postSolution
		{E8312EE1-3C2F-45A5-909D-111C8051ADCF}.Debug|Any CPU.ActiveCfg = Debug|Any CPU
		{E8312EE1-3C2F-45A5-909D-111C8051ADCF}.Debug|Any CPU.Build.0 = Debug|Any CPU
		{E8312EE1-3C2F-45A5-909D-111C8051ADCF}.Release|Any CPU.ActiveCfg = Release|Any CPU
		{E8312EE1-3C2F-45A5-909D-111C8051ADCF}.Release|Any CPU.Build.0 = Release|Any CPU
		{7E75B5EC-B37F-42C2-B5F9-09FC77CAAF74}.Debug|Any CPU.ActiveCfg = Debug|Any CPU
		{7E75B5EC-B37F-42C2-B5F9-09FC77CAAF74}.Debug|Any CPU.Build.0 = Debug|Any CPU
		{7E75B5EC-B37F-42C2-B5F9-09FC77CAAF74}.Release|Any CPU.ActiveCfg = Release|Any CPU
		{7E75B5EC-B37F-42C2-B5F9-09FC77CAAF74}.Release|Any CPU.Build.0 = Release|Any CPU
		{855FD18C-522A-4B58-92F7-35CDF42EC8BD}.Debug|Any CPU.ActiveCfg = Debug|Any CPU
		{855FD18C-522A-4B58-92F7-35CDF42EC8BD}.Debug|Any CPU.Build.0 = Debug|Any CPU
		{855FD18C-522A-4B58-92F7-35CDF42EC8BD}.Release|Any CPU.ActiveCfg = Release|Any CPU
		{855FD18C-522A-4B58-92F7-35CDF42EC8BD}.Release|Any CPU.Build.0 = Release|Any CPU
		{74A3A0FC-1600-48EC-A411-6484F2240E6E}.Debug|Any CPU.ActiveCfg = Debug|Any CPU
		{74A3A0FC-1600-48EC-A411-6484F2240E6E}.Debug|Any CPU.Build.0 = Debug|Any CPU
		{74A3A0FC-1600-48EC-A411-6484F2240E6E}.Release|Any CPU.ActiveCfg = Release|Any CPU
		{74A3A0FC-1600-48EC-A411-6484F2240E6E}.Release|Any CPU.Build.0 = Release|Any CPU
		{D48F89B6-D5C0-474B-8325-1032CEC9C0F0}.Debug|Any CPU.ActiveCfg = Debug|Any CPU
		{D48F89B6-D5C0-474B-8325-1032CEC9C0F0}.Debug|Any CPU.Build.0 = Debug|Any CPU
		{D48F89B6-D5C0-474B-8325-1032CEC9C0F0}.Release|Any CPU.ActiveCfg = Release|Any CPU
		{D48F89B6-D5C0-474B-8325-1032CEC9C0F0}.Release|Any CPU.Build.0 = Release|Any CPU
	EndGlobalSection
	GlobalSection(SolutionProperties) = preSolution
		HideSolutionNode = FALSE
	EndGlobalSection
	GlobalSection(ExtensibilityGlobals) = postSolution
		SolutionGuid = {C8C6F687-FB84-47DA-8CAB-848A82620F85}
	EndGlobalSection
EndGlobal
